// !$*UTF8*$!
{
	archiveVersion = 1;
	classes = {
	};
	objectVersion = 56;
	objects = {

/* Begin PBXBuildFile section */
		7E1E2F772900448800767B73 /* HomeUIModel.swift in Sources */ = {isa = PBXBuildFile; fileRef = 7E1E2F762900448800767B73 /* HomeUIModel.swift */; };
		7ED4B2C129001550005AAF86 /* CryptoQRApp.swift in Sources */ = {isa = PBXBuildFile; fileRef = 7ED4B2C029001550005AAF86 /* CryptoQRApp.swift */; };
		7ED4B2C329001550005AAF86 /* QRScannerView.swift in Sources */ = {isa = PBXBuildFile; fileRef = 7ED4B2C229001550005AAF86 /* QRScannerView.swift */; };
		7ED4B2C529001553005AAF86 /* Assets.xcassets in Resources */ = {isa = PBXBuildFile; fileRef = 7ED4B2C429001553005AAF86 /* Assets.xcassets */; };
		7ED4B2C829001553005AAF86 /* Preview Assets.xcassets in Resources */ = {isa = PBXBuildFile; fileRef = 7ED4B2C729001553005AAF86 /* Preview Assets.xcassets */; };
		7ED4B2D229001554005AAF86 /* CryptoQRTests.swift in Sources */ = {isa = PBXBuildFile; fileRef = 7ED4B2D129001554005AAF86 /* CryptoQRTests.swift */; };
		7ED4B2DC29001554005AAF86 /* CryptoQRUITests.swift in Sources */ = {isa = PBXBuildFile; fileRef = 7ED4B2DB29001554005AAF86 /* CryptoQRUITests.swift */; };
		7ED4B2DE29001554005AAF86 /* CryptoQRUITestsLaunchTests.swift in Sources */ = {isa = PBXBuildFile; fileRef = 7ED4B2DD29001554005AAF86 /* CryptoQRUITestsLaunchTests.swift */; };
		7ED4B2EE2900191B005AAF86 /* CodeScanner in Frameworks */ = {isa = PBXBuildFile; productRef = 7ED4B2ED2900191B005AAF86 /* CodeScanner */; };
		7ED4B2F129001DDC005AAF86 /* StringExtensions.swift in Sources */ = {isa = PBXBuildFile; fileRef = 7ED4B2F029001DDC005AAF86 /* StringExtensions.swift */; };
		7ED4B2F3290029CE005AAF86 /* ScannerViewModel.swift in Sources */ = {isa = PBXBuildFile; fileRef = 7ED4B2F2290029CE005AAF86 /* ScannerViewModel.swift */; };
/* End PBXBuildFile section */

/* Begin PBXContainerItemProxy section */
		7ED4B2CE29001554005AAF86 /* PBXContainerItemProxy */ = {
			isa = PBXContainerItemProxy;
			containerPortal = 7ED4B2B529001550005AAF86 /* Project object */;
			proxyType = 1;
			remoteGlobalIDString = 7ED4B2BC29001550005AAF86;
			remoteInfo = CryptoQR;
		};
		7ED4B2D829001554005AAF86 /* PBXContainerItemProxy */ = {
			isa = PBXContainerItemProxy;
			containerPortal = 7ED4B2B529001550005AAF86 /* Project object */;
			proxyType = 1;
			remoteGlobalIDString = 7ED4B2BC29001550005AAF86;
			remoteInfo = CryptoQR;
		};
/* End PBXContainerItemProxy section */

/* Begin PBXFileReference section */
		7E1E2F762900448800767B73 /* HomeUIModel.swift */ = {isa = PBXFileReference; lastKnownFileType = sourcecode.swift; path = HomeUIModel.swift; sourceTree = "<group>"; };
		7ED4B2BD29001550005AAF86 /* CryptoQR.app */ = {isa = PBXFileReference; explicitFileType = wrapper.application; includeInIndex = 0; path = CryptoQR.app; sourceTree = BUILT_PRODUCTS_DIR; };
		7ED4B2C029001550005AAF86 /* CryptoQRApp.swift */ = {isa = PBXFileReference; lastKnownFileType = sourcecode.swift; path = CryptoQRApp.swift; sourceTree = "<group>"; };
		7ED4B2C229001550005AAF86 /* QRScannerView.swift */ = {isa = PBXFileReference; lastKnownFileType = sourcecode.swift; path = QRScannerView.swift; sourceTree = "<group>"; };
		7ED4B2C429001553005AAF86 /* Assets.xcassets */ = {isa = PBXFileReference; lastKnownFileType = folder.assetcatalog; path = Assets.xcassets; sourceTree = "<group>"; };
		7ED4B2C729001553005AAF86 /* Preview Assets.xcassets */ = {isa = PBXFileReference; lastKnownFileType = folder.assetcatalog; path = "Preview Assets.xcassets"; sourceTree = "<group>"; };
		7ED4B2CD29001554005AAF86 /* CryptoQRTests.xctest */ = {isa = PBXFileReference; explicitFileType = wrapper.cfbundle; includeInIndex = 0; path = CryptoQRTests.xctest; sourceTree = BUILT_PRODUCTS_DIR; };
		7ED4B2D129001554005AAF86 /* CryptoQRTests.swift */ = {isa = PBXFileReference; lastKnownFileType = sourcecode.swift; path = CryptoQRTests.swift; sourceTree = "<group>"; };
		7ED4B2D729001554005AAF86 /* CryptoQRUITests.xctest */ = {isa = PBXFileReference; explicitFileType = wrapper.cfbundle; includeInIndex = 0; path = CryptoQRUITests.xctest; sourceTree = BUILT_PRODUCTS_DIR; };
		7ED4B2DB29001554005AAF86 /* CryptoQRUITests.swift */ = {isa = PBXFileReference; lastKnownFileType = sourcecode.swift; path = CryptoQRUITests.swift; sourceTree = "<group>"; };
		7ED4B2DD29001554005AAF86 /* CryptoQRUITestsLaunchTests.swift */ = {isa = PBXFileReference; lastKnownFileType = sourcecode.swift; path = CryptoQRUITestsLaunchTests.swift; sourceTree = "<group>"; };
		7ED4B2F029001DDC005AAF86 /* StringExtensions.swift */ = {isa = PBXFileReference; lastKnownFileType = sourcecode.swift; path = StringExtensions.swift; sourceTree = "<group>"; };
		7ED4B2F2290029CE005AAF86 /* ScannerViewModel.swift */ = {isa = PBXFileReference; lastKnownFileType = sourcecode.swift; path = ScannerViewModel.swift; sourceTree = "<group>"; };
/* End PBXFileReference section */

/* Begin PBXFrameworksBuildPhase section */
		7ED4B2BA29001550005AAF86 /* Frameworks */ = {
			isa = PBXFrameworksBuildPhase;
			buildActionMask = 2147483647;
			files = (
				7ED4B2EE2900191B005AAF86 /* CodeScanner in Frameworks */,
			);
			runOnlyForDeploymentPostprocessing = 0;
		};
		7ED4B2CA29001554005AAF86 /* Frameworks */ = {
			isa = PBXFrameworksBuildPhase;
			buildActionMask = 2147483647;
			files = (
			);
			runOnlyForDeploymentPostprocessing = 0;
		};
		7ED4B2D429001554005AAF86 /* Frameworks */ = {
			isa = PBXFrameworksBuildPhase;
			buildActionMask = 2147483647;
			files = (
			);
			runOnlyForDeploymentPostprocessing = 0;
		};
/* End PBXFrameworksBuildPhase section */

/* Begin PBXGroup section */
		7E1E2F752900446D00767B73 /* UIModels */ = {
			isa = PBXGroup;
			children = (
				7E1E2F762900448800767B73 /* HomeUIModel.swift */,
			);
			path = UIModels;
			sourceTree = "<group>";
		};
		7ED4B2B429001550005AAF86 = {
			isa = PBXGroup;
			children = (
				7ED4B2BF29001550005AAF86 /* CryptoQR */,
				7ED4B2D029001554005AAF86 /* CryptoQRTests */,
				7ED4B2DA29001554005AAF86 /* CryptoQRUITests */,
				7ED4B2BE29001550005AAF86 /* Products */,
			);
			sourceTree = "<group>";
		};
		7ED4B2BE29001550005AAF86 /* Products */ = {
			isa = PBXGroup;
			children = (
				7ED4B2BD29001550005AAF86 /* CryptoQR.app */,
				7ED4B2CD29001554005AAF86 /* CryptoQRTests.xctest */,
				7ED4B2D729001554005AAF86 /* CryptoQRUITests.xctest */,
			);
			name = Products;
			sourceTree = "<group>";
		};
		7ED4B2BF29001550005AAF86 /* CryptoQR */ = {
			isa = PBXGroup;
			children = (
				7ED4B2C029001550005AAF86 /* CryptoQRApp.swift */,
				7E1E2F752900446D00767B73 /* UIModels */,
				7ED4B2EA2900156B005AAF86 /* Views */,
				7ED4B2EB2900170B005AAF86 /* ViewModels */,
				7ED4B2EF29001DCB005AAF86 /* Extensions */,
				7ED4B2C429001553005AAF86 /* Assets.xcassets */,
				7ED4B2C629001553005AAF86 /* Preview Content */,
			);
			path = CryptoQR;
			sourceTree = "<group>";
		};
		7ED4B2C629001553005AAF86 /* Preview Content */ = {
			isa = PBXGroup;
			children = (
				7ED4B2C729001553005AAF86 /* Preview Assets.xcassets */,
			);
			path = "Preview Content";
			sourceTree = "<group>";
		};
		7ED4B2D029001554005AAF86 /* CryptoQRTests */ = {
			isa = PBXGroup;
			children = (
				7ED4B2D129001554005AAF86 /* CryptoQRTests.swift */,
			);
			path = CryptoQRTests;
			sourceTree = "<group>";
		};
		7ED4B2DA29001554005AAF86 /* CryptoQRUITests */ = {
			isa = PBXGroup;
			children = (
				7ED4B2DB29001554005AAF86 /* CryptoQRUITests.swift */,
				7ED4B2DD29001554005AAF86 /* CryptoQRUITestsLaunchTests.swift */,
			);
			path = CryptoQRUITests;
			sourceTree = "<group>";
		};
		7ED4B2EA2900156B005AAF86 /* Views */ = {
			isa = PBXGroup;
			children = (
				7ED4B2C229001550005AAF86 /* QRScannerView.swift */,
			);
			path = Views;
			sourceTree = "<group>";
		};
		7ED4B2EB2900170B005AAF86 /* ViewModels */ = {
			isa = PBXGroup;
			children = (
				7ED4B2F2290029CE005AAF86 /* ScannerViewModel.swift */,
			);
			path = ViewModels;
			sourceTree = "<group>";
		};
		7ED4B2EF29001DCB005AAF86 /* Extensions */ = {
			isa = PBXGroup;
			children = (
				7ED4B2F029001DDC005AAF86 /* StringExtensions.swift */,
			);
			path = Extensions;
			sourceTree = "<group>";
		};
/* End PBXGroup section */

/* Begin PBXNativeTarget section */
		7ED4B2BC29001550005AAF86 /* CryptoQR */ = {
			isa = PBXNativeTarget;
			buildConfigurationList = 7ED4B2E129001554005AAF86 /* Build configuration list for PBXNativeTarget "CryptoQR" */;
			buildPhases = (
				7ED4B2B929001550005AAF86 /* Sources */,
				7ED4B2BA29001550005AAF86 /* Frameworks */,
				7ED4B2BB29001550005AAF86 /* Resources */,
			);
			buildRules = (
			);
			dependencies = (
			);
			name = CryptoQR;
			packageProductDependencies = (
				7ED4B2ED2900191B005AAF86 /* CodeScanner */,
			);
			productName = CryptoQR;
			productReference = 7ED4B2BD29001550005AAF86 /* CryptoQR.app */;
			productType = "com.apple.product-type.application";
		};
		7ED4B2CC29001554005AAF86 /* CryptoQRTests */ = {
			isa = PBXNativeTarget;
			buildConfigurationList = 7ED4B2E429001554005AAF86 /* Build configuration list for PBXNativeTarget "CryptoQRTests" */;
			buildPhases = (
				7ED4B2C929001554005AAF86 /* Sources */,
				7ED4B2CA29001554005AAF86 /* Frameworks */,
				7ED4B2CB29001554005AAF86 /* Resources */,
			);
			buildRules = (
			);
			dependencies = (
				7ED4B2CF29001554005AAF86 /* PBXTargetDependency */,
			);
			name = CryptoQRTests;
			productName = CryptoQRTests;
			productReference = 7ED4B2CD29001554005AAF86 /* CryptoQRTests.xctest */;
			productType = "com.apple.product-type.bundle.unit-test";
		};
		7ED4B2D629001554005AAF86 /* CryptoQRUITests */ = {
			isa = PBXNativeTarget;
			buildConfigurationList = 7ED4B2E729001554005AAF86 /* Build configuration list for PBXNativeTarget "CryptoQRUITests" */;
			buildPhases = (
				7ED4B2D329001554005AAF86 /* Sources */,
				7ED4B2D429001554005AAF86 /* Frameworks */,
				7ED4B2D529001554005AAF86 /* Resources */,
			);
			buildRules = (
			);
			dependencies = (
				7ED4B2D929001554005AAF86 /* PBXTargetDependency */,
			);
			name = CryptoQRUITests;
			productName = CryptoQRUITests;
			productReference = 7ED4B2D729001554005AAF86 /* CryptoQRUITests.xctest */;
			productType = "com.apple.product-type.bundle.ui-testing";
		};
/* End PBXNativeTarget section */

/* Begin PBXProject section */
		7ED4B2B529001550005AAF86 /* Project object */ = {
			isa = PBXProject;
			attributes = {
				BuildIndependentTargetsInParallel = 1;
				LastSwiftUpdateCheck = 1400;
				LastUpgradeCheck = 1400;
				TargetAttributes = {
					7ED4B2BC29001550005AAF86 = {
						CreatedOnToolsVersion = 14.0;
					};
					7ED4B2CC29001554005AAF86 = {
						CreatedOnToolsVersion = 14.0;
						TestTargetID = 7ED4B2BC29001550005AAF86;
					};
					7ED4B2D629001554005AAF86 = {
						CreatedOnToolsVersion = 14.0;
						TestTargetID = 7ED4B2BC29001550005AAF86;
					};
				};
			};
			buildConfigurationList = 7ED4B2B829001550005AAF86 /* Build configuration list for PBXProject "CryptoQR" */;
			compatibilityVersion = "Xcode 14.0";
			developmentRegion = en;
			hasScannedForEncodings = 0;
			knownRegions = (
				en,
				Base,
			);
			mainGroup = 7ED4B2B429001550005AAF86;
			packageReferences = (
				7ED4B2EC2900191B005AAF86 /* XCRemoteSwiftPackageReference "CodeScanner" */,
			);
			productRefGroup = 7ED4B2BE29001550005AAF86 /* Products */;
			projectDirPath = "";
			projectRoot = "";
			targets = (
				7ED4B2BC29001550005AAF86 /* CryptoQR */,
				7ED4B2CC29001554005AAF86 /* CryptoQRTests */,
				7ED4B2D629001554005AAF86 /* CryptoQRUITests */,
			);
		};
/* End PBXProject section */

/* Begin PBXResourcesBuildPhase section */
		7ED4B2BB29001550005AAF86 /* Resources */ = {
			isa = PBXResourcesBuildPhase;
			buildActionMask = 2147483647;
			files = (
				7ED4B2C829001553005AAF86 /* Preview Assets.xcassets in Resources */,
				7ED4B2C529001553005AAF86 /* Assets.xcassets in Resources */,
			);
			runOnlyForDeploymentPostprocessing = 0;
		};
		7ED4B2CB29001554005AAF86 /* Resources */ = {
			isa = PBXResourcesBuildPhase;
			buildActionMask = 2147483647;
			files = (
			);
			runOnlyForDeploymentPostprocessing = 0;
		};
		7ED4B2D529001554005AAF86 /* Resources */ = {
			isa = PBXResourcesBuildPhase;
			buildActionMask = 2147483647;
			files = (
			);
			runOnlyForDeploymentPostprocessing = 0;
		};
/* End PBXResourcesBuildPhase section */

/* Begin PBXSourcesBuildPhase section */
		7ED4B2B929001550005AAF86 /* Sources */ = {
			isa = PBXSourcesBuildPhase;
			buildActionMask = 2147483647;
			files = (
				7E1E2F772900448800767B73 /* HomeUIModel.swift in Sources */,
				7ED4B2F129001DDC005AAF86 /* StringExtensions.swift in Sources */,
				7ED4B2C329001550005AAF86 /* QRScannerView.swift in Sources */,
				7ED4B2C129001550005AAF86 /* CryptoQRApp.swift in Sources */,
				7ED4B2F3290029CE005AAF86 /* ScannerViewModel.swift in Sources */,
			);
			runOnlyForDeploymentPostprocessing = 0;
		};
		7ED4B2C929001554005AAF86 /* Sources */ = {
			isa = PBXSourcesBuildPhase;
			buildActionMask = 2147483647;
			files = (
				7ED4B2D229001554005AAF86 /* CryptoQRTests.swift in Sources */,
			);
			runOnlyForDeploymentPostprocessing = 0;
		};
		7ED4B2D329001554005AAF86 /* Sources */ = {
			isa = PBXSourcesBuildPhase;
			buildActionMask = 2147483647;
			files = (
				7ED4B2DE29001554005AAF86 /* CryptoQRUITestsLaunchTests.swift in Sources */,
				7ED4B2DC29001554005AAF86 /* CryptoQRUITests.swift in Sources */,
			);
			runOnlyForDeploymentPostprocessing = 0;
		};
/* End PBXSourcesBuildPhase section */

/* Begin PBXTargetDependency section */
		7ED4B2CF29001554005AAF86 /* PBXTargetDependency */ = {
			isa = PBXTargetDependency;
			target = 7ED4B2BC29001550005AAF86 /* CryptoQR */;
			targetProxy = 7ED4B2CE29001554005AAF86 /* PBXContainerItemProxy */;
		};
		7ED4B2D929001554005AAF86 /* PBXTargetDependency */ = {
			isa = PBXTargetDependency;
			target = 7ED4B2BC29001550005AAF86 /* CryptoQR */;
			targetProxy = 7ED4B2D829001554005AAF86 /* PBXContainerItemProxy */;
		};
/* End PBXTargetDependency section */

/* Begin XCBuildConfiguration section */
		7ED4B2DF29001554005AAF86 /* Debug */ = {
			isa = XCBuildConfiguration;
			buildSettings = {
				ALWAYS_SEARCH_USER_PATHS = NO;
				CLANG_ANALYZER_NONNULL = YES;
				CLANG_ANALYZER_NUMBER_OBJECT_CONVERSION = YES_AGGRESSIVE;
				CLANG_CXX_LANGUAGE_STANDARD = "gnu++20";
				CLANG_ENABLE_MODULES = YES;
				CLANG_ENABLE_OBJC_ARC = YES;
				CLANG_ENABLE_OBJC_WEAK = YES;
				CLANG_WARN_BLOCK_CAPTURE_AUTORELEASING = YES;
				CLANG_WARN_BOOL_CONVERSION = YES;
				CLANG_WARN_COMMA = YES;
				CLANG_WARN_CONSTANT_CONVERSION = YES;
				CLANG_WARN_DEPRECATED_OBJC_IMPLEMENTATIONS = YES;
				CLANG_WARN_DIRECT_OBJC_ISA_USAGE = YES_ERROR;
				CLANG_WARN_DOCUMENTATION_COMMENTS = YES;
				CLANG_WARN_EMPTY_BODY = YES;
				CLANG_WARN_ENUM_CONVERSION = YES;
				CLANG_WARN_INFINITE_RECURSION = YES;
				CLANG_WARN_INT_CONVERSION = YES;
				CLANG_WARN_NON_LITERAL_NULL_CONVERSION = YES;
				CLANG_WARN_OBJC_IMPLICIT_RETAIN_SELF = YES;
				CLANG_WARN_OBJC_LITERAL_CONVERSION = YES;
				CLANG_WARN_OBJC_ROOT_CLASS = YES_ERROR;
				CLANG_WARN_QUOTED_INCLUDE_IN_FRAMEWORK_HEADER = YES;
				CLANG_WARN_RANGE_LOOP_ANALYSIS = YES;
				CLANG_WARN_STRICT_PROTOTYPES = YES;
				CLANG_WARN_SUSPICIOUS_MOVE = YES;
				CLANG_WARN_UNGUARDED_AVAILABILITY = YES_AGGRESSIVE;
				CLANG_WARN_UNREACHABLE_CODE = YES;
				CLANG_WARN__DUPLICATE_METHOD_MATCH = YES;
				COPY_PHASE_STRIP = NO;
				DEBUG_INFORMATION_FORMAT = dwarf;
				ENABLE_STRICT_OBJC_MSGSEND = YES;
				ENABLE_TESTABILITY = YES;
				GCC_C_LANGUAGE_STANDARD = gnu11;
				GCC_DYNAMIC_NO_PIC = NO;
				GCC_NO_COMMON_BLOCKS = YES;
				GCC_OPTIMIZATION_LEVEL = 0;
				GCC_PREPROCESSOR_DEFINITIONS = (
					"DEBUG=1",
					"$(inherited)",
				);
				GCC_WARN_64_TO_32_BIT_CONVERSION = YES;
				GCC_WARN_ABOUT_RETURN_TYPE = YES_ERROR;
				GCC_WARN_UNDECLARED_SELECTOR = YES;
				GCC_WARN_UNINITIALIZED_AUTOS = YES_AGGRESSIVE;
				GCC_WARN_UNUSED_FUNCTION = YES;
				GCC_WARN_UNUSED_VARIABLE = YES;
				IPHONEOS_DEPLOYMENT_TARGET = 16.0;
				MTL_ENABLE_DEBUG_INFO = INCLUDE_SOURCE;
				MTL_FAST_MATH = YES;
				ONLY_ACTIVE_ARCH = YES;
				SDKROOT = iphoneos;
				SWIFT_ACTIVE_COMPILATION_CONDITIONS = DEBUG;
				SWIFT_OPTIMIZATION_LEVEL = "-Onone";
			};
			name = Debug;
		};
		7ED4B2E029001554005AAF86 /* Release */ = {
			isa = XCBuildConfiguration;
			buildSettings = {
				ALWAYS_SEARCH_USER_PATHS = NO;
				CLANG_ANALYZER_NONNULL = YES;
				CLANG_ANALYZER_NUMBER_OBJECT_CONVERSION = YES_AGGRESSIVE;
				CLANG_CXX_LANGUAGE_STANDARD = "gnu++20";
				CLANG_ENABLE_MODULES = YES;
				CLANG_ENABLE_OBJC_ARC = YES;
				CLANG_ENABLE_OBJC_WEAK = YES;
				CLANG_WARN_BLOCK_CAPTURE_AUTORELEASING = YES;
				CLANG_WARN_BOOL_CONVERSION = YES;
				CLANG_WARN_COMMA = YES;
				CLANG_WARN_CONSTANT_CONVERSION = YES;
				CLANG_WARN_DEPRECATED_OBJC_IMPLEMENTATIONS = YES;
				CLANG_WARN_DIRECT_OBJC_ISA_USAGE = YES_ERROR;
				CLANG_WARN_DOCUMENTATION_COMMENTS = YES;
				CLANG_WARN_EMPTY_BODY = YES;
				CLANG_WARN_ENUM_CONVERSION = YES;
				CLANG_WARN_INFINITE_RECURSION = YES;
				CLANG_WARN_INT_CONVERSION = YES;
				CLANG_WARN_NON_LITERAL_NULL_CONVERSION = YES;
				CLANG_WARN_OBJC_IMPLICIT_RETAIN_SELF = YES;
				CLANG_WARN_OBJC_LITERAL_CONVERSION = YES;
				CLANG_WARN_OBJC_ROOT_CLASS = YES_ERROR;
				CLANG_WARN_QUOTED_INCLUDE_IN_FRAMEWORK_HEADER = YES;
				CLANG_WARN_RANGE_LOOP_ANALYSIS = YES;
				CLANG_WARN_STRICT_PROTOTYPES = YES;
				CLANG_WARN_SUSPICIOUS_MOVE = YES;
				CLANG_WARN_UNGUARDED_AVAILABILITY = YES_AGGRESSIVE;
				CLANG_WARN_UNREACHABLE_CODE = YES;
				CLANG_WARN__DUPLICATE_METHOD_MATCH = YES;
				COPY_PHASE_STRIP = NO;
				DEBUG_INFORMATION_FORMAT = "dwarf-with-dsym";
				ENABLE_NS_ASSERTIONS = NO;
				ENABLE_STRICT_OBJC_MSGSEND = YES;
				GCC_C_LANGUAGE_STANDARD = gnu11;
				GCC_NO_COMMON_BLOCKS = YES;
				GCC_WARN_64_TO_32_BIT_CONVERSION = YES;
				GCC_WARN_ABOUT_RETURN_TYPE = YES_ERROR;
				GCC_WARN_UNDECLARED_SELECTOR = YES;
				GCC_WARN_UNINITIALIZED_AUTOS = YES_AGGRESSIVE;
				GCC_WARN_UNUSED_FUNCTION = YES;
				GCC_WARN_UNUSED_VARIABLE = YES;
				IPHONEOS_DEPLOYMENT_TARGET = 16.0;
				MTL_ENABLE_DEBUG_INFO = NO;
				MTL_FAST_MATH = YES;
				SDKROOT = iphoneos;
				SWIFT_COMPILATION_MODE = wholemodule;
				SWIFT_OPTIMIZATION_LEVEL = "-O";
				VALIDATE_PRODUCT = YES;
			};
			name = Release;
		};
		7ED4B2E229001554005AAF86 /* Debug */ = {
			isa = XCBuildConfiguration;
			buildSettings = {
				ASSETCATALOG_COMPILER_APPICON_NAME = AppIcon;
				ASSETCATALOG_COMPILER_GLOBAL_ACCENT_COLOR_NAME = AccentColor;
				CODE_SIGN_IDENTITY = "Apple Development";
				CODE_SIGN_STYLE = Automatic;
				CURRENT_PROJECT_VERSION = 1;
				DEVELOPMENT_ASSET_PATHS = "\"CryptoQR/Preview Content\"";
				DEVELOPMENT_TEAM = AS3UB6V5YF;
				ENABLE_PREVIEWS = YES;
				GENERATE_INFOPLIST_FILE = YES;
				INFOPLIST_KEY_NSCameraUsageDescription = "Need camera access to look for QR Codes";
				INFOPLIST_KEY_UIApplicationSceneManifest_Generation = YES;
				INFOPLIST_KEY_UIApplicationSupportsIndirectInputEvents = YES;
				INFOPLIST_KEY_UILaunchScreen_Generation = YES;
				INFOPLIST_KEY_UISupportedInterfaceOrientations_iPad = "UIInterfaceOrientationPortrait UIInterfaceOrientationPortraitUpsideDown UIInterfaceOrientationLandscapeLeft UIInterfaceOrientationLandscapeRight";
				INFOPLIST_KEY_UISupportedInterfaceOrientations_iPhone = "UIInterfaceOrientationPortrait UIInterfaceOrientationLandscapeLeft UIInterfaceOrientationLandscapeRight";
				LD_RUNPATH_SEARCH_PATHS = (
					"$(inherited)",
					"@executable_path/Frameworks",
				);
				MARKETING_VERSION = 1.0;
				PRODUCT_BUNDLE_IDENTIFIER = com.rocod.CryptoQR;
				PRODUCT_NAME = "$(TARGET_NAME)";
				PROVISIONING_PROFILE_SPECIFIER = "";
				SWIFT_EMIT_LOC_STRINGS = YES;
				SWIFT_VERSION = 5.0;
				TARGETED_DEVICE_FAMILY = "1,2";
			};
			name = Debug;
		};
		7ED4B2E329001554005AAF86 /* Release */ = {
			isa = XCBuildConfiguration;
			buildSettings = {
				ASSETCATALOG_COMPILER_APPICON_NAME = AppIcon;
				ASSETCATALOG_COMPILER_GLOBAL_ACCENT_COLOR_NAME = AccentColor;
				CODE_SIGN_IDENTITY = "Apple Development";
				CODE_SIGN_STYLE = Automatic;
				CURRENT_PROJECT_VERSION = 1;
				DEVELOPMENT_ASSET_PATHS = "\"CryptoQR/Preview Content\"";
				DEVELOPMENT_TEAM = AS3UB6V5YF;
				ENABLE_PREVIEWS = YES;
				GENERATE_INFOPLIST_FILE = YES;
				INFOPLIST_KEY_NSCameraUsageDescription = "Need camera access to look for QR Codes";
				INFOPLIST_KEY_UIApplicationSceneManifest_Generation = YES;
				INFOPLIST_KEY_UIApplicationSupportsIndirectInputEvents = YES;
				INFOPLIST_KEY_UILaunchScreen_Generation = YES;
				INFOPLIST_KEY_UISupportedInterfaceOrientations_iPad = "UIInterfaceOrientationPortrait UIInterfaceOrientationPortraitUpsideDown UIInterfaceOrientationLandscapeLeft UIInterfaceOrientationLandscapeRight";
				INFOPLIST_KEY_UISupportedInterfaceOrientations_iPhone = "UIInterfaceOrientationPortrait UIInterfaceOrientationLandscapeLeft UIInterfaceOrientationLandscapeRight";
				LD_RUNPATH_SEARCH_PATHS = (
					"$(inherited)",
					"@executable_path/Frameworks",
				);
				MARKETING_VERSION = 1.0;
				PRODUCT_BUNDLE_IDENTIFIER = com.rocod.CryptoQR;
				PRODUCT_NAME = "$(TARGET_NAME)";
				PROVISIONING_PROFILE_SPECIFIER = "";
				SWIFT_EMIT_LOC_STRINGS = YES;
				SWIFT_VERSION = 5.0;
				TARGETED_DEVICE_FAMILY = "1,2";
			};
			name = Release;
		};
		7ED4B2E529001554005AAF86 /* Debug */ = {
			isa = XCBuildConfiguration;
			buildSettings = {
				ALWAYS_EMBED_SWIFT_STANDARD_LIBRARIES = YES;
				BUNDLE_LOADER = "$(TEST_HOST)";
				CODE_SIGN_STYLE = Automatic;
				CURRENT_PROJECT_VERSION = 1;
				DEVELOPMENT_TEAM = AS3UB6V5YF;
				GENERATE_INFOPLIST_FILE = YES;
				IPHONEOS_DEPLOYMENT_TARGET = 16.0;
				MARKETING_VERSION = 1.0;
				PRODUCT_BUNDLE_IDENTIFIER = com.rocod.CryptoQRTests;
				PRODUCT_NAME = "$(TARGET_NAME)";
				SWIFT_EMIT_LOC_STRINGS = NO;
				SWIFT_VERSION = 5.0;
				TARGETED_DEVICE_FAMILY = "1,2";
				TEST_HOST = "$(BUILT_PRODUCTS_DIR)/CryptoQR.app/$(BUNDLE_EXECUTABLE_FOLDER_PATH)/CryptoQR";
			};
			name = Debug;
		};
		7ED4B2E629001554005AAF86 /* Release */ = {
			isa = XCBuildConfiguration;
			buildSettings = {
				ALWAYS_EMBED_SWIFT_STANDARD_LIBRARIES = YES;
				BUNDLE_LOADER = "$(TEST_HOST)";
				CODE_SIGN_STYLE = Automatic;
				CURRENT_PROJECT_VERSION = 1;
				DEVELOPMENT_TEAM = AS3UB6V5YF;
				GENERATE_INFOPLIST_FILE = YES;
				IPHONEOS_DEPLOYMENT_TARGET = 16.0;
				MARKETING_VERSION = 1.0;
				PRODUCT_BUNDLE_IDENTIFIER = com.rocod.CryptoQRTests;
				PRODUCT_NAME = "$(TARGET_NAME)";
				SWIFT_EMIT_LOC_STRINGS = NO;
				SWIFT_VERSION = 5.0;
				TARGETED_DEVICE_FAMILY = "1,2";
				TEST_HOST = "$(BUILT_PRODUCTS_DIR)/CryptoQR.app/$(BUNDLE_EXECUTABLE_FOLDER_PATH)/CryptoQR";
			};
			name = Release;
		};
		7ED4B2E829001554005AAF86 /* Debug */ = {
			isa = XCBuildConfiguration;
			buildSettings = {
				ALWAYS_EMBED_SWIFT_STANDARD_LIBRARIES = YES;
				CODE_SIGN_STYLE = Automatic;
				CURRENT_PROJECT_VERSION = 1;
				DEVELOPMENT_TEAM = AS3UB6V5YF;
				GENERATE_INFOPLIST_FILE = YES;
				MARKETING_VERSION = 1.0;
				PRODUCT_BUNDLE_IDENTIFIER = com.rocod.CryptoQRUITests;
				PRODUCT_NAME = "$(TARGET_NAME)";
				SWIFT_EMIT_LOC_STRINGS = NO;
				SWIFT_VERSION = 5.0;
				TARGETED_DEVICE_FAMILY = "1,2";
				TEST_TARGET_NAME = CryptoQR;
			};
			name = Debug;
		};
		7ED4B2E929001554005AAF86 /* Release */ = {
			isa = XCBuildConfiguration;
			buildSettings = {
				ALWAYS_EMBED_SWIFT_STANDARD_LIBRARIES = YES;
				CODE_SIGN_STYLE = Automatic;
				CURRENT_PROJECT_VERSION = 1;
				DEVELOPMENT_TEAM = AS3UB6V5YF;
				GENERATE_INFOPLIST_FILE = YES;
				MARKETING_VERSION = 1.0;
				PRODUCT_BUNDLE_IDENTIFIER = com.rocod.CryptoQRUITests;
				PRODUCT_NAME = "$(TARGET_NAME)";
				SWIFT_EMIT_LOC_STRINGS = NO;
				SWIFT_VERSION = 5.0;
				TARGETED_DEVICE_FAMILY = "1,2";
				TEST_TARGET_NAME = CryptoQR;
			};
			name = Release;
		};
/* End XCBuildConfiguration section */

/* Begin XCConfigurationList section */
		7ED4B2B829001550005AAF86 /* Build configuration list for PBXProject "CryptoQR" */ = {
			isa = XCConfigurationList;
			buildConfigurations = (
				7ED4B2DF29001554005AAF86 /* Debug */,
				7ED4B2E029001554005AAF86 /* Release */,
			);
			defaultConfigurationIsVisible = 0;
			defaultConfigurationName = Release;
		};
		7ED4B2E129001554005AAF86 /* Build configuration list for PBXNativeTarget "CryptoQR" */ = {
			isa = XCConfigurationList;
			buildConfigurations = (
				7ED4B2E229001554005AAF86 /* Debug */,
				7ED4B2E329001554005AAF86 /* Release */,
			);
			defaultConfigurationIsVisible = 0;
			defaultConfigurationName = Release;
		};
		7ED4B2E429001554005AAF86 /* Build configuration list for PBXNativeTarget "CryptoQRTests" */ = {
			isa = XCConfigurationList;
			buildConfigurations = (
				7ED4B2E529001554005AAF86 /* Debug */,
				7ED4B2E629001554005AAF86 /* Release */,
			);
			defaultConfigurationIsVisible = 0;
			defaultConfigurationName = Release;
		};
		7ED4B2E729001554005AAF86 /* Build configuration list for PBXNativeTarget "CryptoQRUITests" */ = {
			isa = XCConfigurationList;
			buildConfigurations = (
				7ED4B2E829001554005AAF86 /* Debug */,
				7ED4B2E929001554005AAF86 /* Release */,
			);
			defaultConfigurationIsVisible = 0;
			defaultConfigurationName = Release;
		};
/* End XCConfigurationList section */

/* Begin XCRemoteSwiftPackageReference section */
		7ED4B2EC2900191B005AAF86 /* XCRemoteSwiftPackageReference "CodeScanner" */ = {
			isa = XCRemoteSwiftPackageReference;
			repositoryURL = "https://github.com/twostraws/CodeScanner";
			requirement = {
				kind = upToNextMajorVersion;
				minimumVersion = 2.0.0;
			};
		};
/* End XCRemoteSwiftPackageReference section */

/* Begin XCSwiftPackageProductDependency section */
		7ED4B2ED2900191B005AAF86 /* CodeScanner */ = {
			isa = XCSwiftPackageProductDependency;
			package = 7ED4B2EC2900191B005AAF86 /* XCRemoteSwiftPackageReference "CodeScanner" */;
			productName = CodeScanner;
		};
/* End XCSwiftPackageProductDependency section */
	};
	rootObject = 7ED4B2B529001550005AAF86 /* Project object */;
}
